github.com/tuckersGo/musthaveGo/ex20/fedex v0.0.0-20210207210109-326796367e9c h1:2D98UH0FIpVmsuo9XJLpCHeqn9gsc65KoovCgXYc86U=
github.com/tuckersGo/musthaveGo/ex20/fedex v0.0.0-20210207210109-326796367e9c/go.mod h1:2onLUjhtoyfFxQGA+lx7JB89V5hNpAqYhBiigiSqNwk=
github.com/tuckersGo/musthaveGo/ex20/koreaPost v0.0.0-20210207210109-326796367e9c h1:k3LL8TjWypASUTUgcMQE8bUNGO62LOh5hrhLssROJm8=
github.com/tuckersGo/musthaveGo/ex20/koreaPost v0.0.0-20210207210109-326796367e9c/go.mod h1:E6rkgcCWw+IwE8/xquYTTxwvBnQam0/lp9DxsIMlkNU=
